// !$*UTF8*$!
{
	archiveVersion = 1;
	classes = {
	};
	objectVersion = 51;
	objects = {

/* Begin PBXBuildFile section */
		3C05D33724A24F550085BE9E /* opencv2.framework in Frameworks */ = {isa = PBXBuildFile; fileRef = 3C05D33624A24F550085BE9E /* opencv2.framework */; };
		3C05D33F24A24FEC0085BE9E /* PrepareImageBridge.mm in Sources */ = {isa = PBXBuildFile; fileRef = 3C05D33A24A24FEC0085BE9E /* PrepareImageBridge.mm */; };
		3C05D34024A24FEC0085BE9E /* PrepareImage.cpp in Sources */ = {isa = PBXBuildFile; fileRef = 3C05D33E24A24FEC0085BE9E /* PrepareImage.cpp */; };
		3C18F8B62493C90A00ADB315 /* Crop.swift in Sources */ = {isa = PBXBuildFile; fileRef = 3C18F8B52493C90A00ADB315 /* Crop.swift */; };
		3C25A3ED24870E5100100ABA /* ARCameraView.swift in Sources */ = {isa = PBXBuildFile; fileRef = 3C25A3EC24870E5100100ABA /* ARCameraView.swift */; };
		3C711589247C62BA001CBF4E /* tessdata in Resources */ = {isa = PBXBuildFile; fileRef = 3C711588247C62BA001CBF4E /* tessdata */; };
		3CCAB4F8247C0C4900E89AE8 /* AppDelegate.swift in Sources */ = {isa = PBXBuildFile; fileRef = 3CCAB4F7247C0C4900E89AE8 /* AppDelegate.swift */; };
		3CCAB4FA247C0C4900E89AE8 /* SceneDelegate.swift in Sources */ = {isa = PBXBuildFile; fileRef = 3CCAB4F9247C0C4900E89AE8 /* SceneDelegate.swift */; };
		3CCAB4FC247C0C4900E89AE8 /* ContentView.swift in Sources */ = {isa = PBXBuildFile; fileRef = 3CCAB4FB247C0C4900E89AE8 /* ContentView.swift */; };
		3CCAB4FE247C0C4A00E89AE8 /* Assets.xcassets in Resources */ = {isa = PBXBuildFile; fileRef = 3CCAB4FD247C0C4A00E89AE8 /* Assets.xcassets */; };
		3CCAB501247C0C4A00E89AE8 /* Preview Assets.xcassets in Resources */ = {isa = PBXBuildFile; fileRef = 3CCAB500247C0C4A00E89AE8 /* Preview Assets.xcassets */; };
		3CCAB504247C0C4A00E89AE8 /* LaunchScreen.storyboard in Resources */ = {isa = PBXBuildFile; fileRef = 3CCAB502247C0C4A00E89AE8 /* LaunchScreen.storyboard */; };
		3CCAB52E247C0FEC00E89AE8 /* ImagePicker.swift in Sources */ = {isa = PBXBuildFile; fileRef = 3CCAB52D247C0FEC00E89AE8 /* ImagePicker.swift */; };
		3CCAB534247C198500E89AE8 /* DocumentPicker.swift in Sources */ = {isa = PBXBuildFile; fileRef = 3CCAB533247C198500E89AE8 /* DocumentPicker.swift */; };
		3CCF7C52254DF4070055FE18 /* 3.png in Resources */ = {isa = PBXBuildFile; fileRef = 3CCF7C51254DF4070055FE18 /* 3.png */; };
		3CD479112487410A008E67CD /* OCRSortingEngine.swift in Sources */ = {isa = PBXBuildFile; fileRef = 3CD479102487410A008E67CD /* OCRSortingEngine.swift */; };
		3CD4791324874330008E67CD /* OCRProperties.swift in Sources */ = {isa = PBXBuildFile; fileRef = 3CD4791224874330008E67CD /* OCRProperties.swift */; };
		40E4B7A8363BC7FCBA7E4ECD /* Pods_Instagraph.framework in Frameworks */ = {isa = PBXBuildFile; fileRef = E487963C3A24110A872FE95B /* Pods_Instagraph.framework */; };
		480E8C3B25047611001EB2EC /* TableView.swift in Sources */ = {isa = PBXBuildFile; fileRef = 480E8C3A25047611001EB2EC /* TableView.swift */; };
		48AABAF424F980E9006F6E10 /* LineGraph.swift in Sources */ = {isa = PBXBuildFile; fileRef = 48AABAF324F980E9006F6E10 /* LineGraph.swift */; };
		48AABAF624F9810F006F6E10 /* BarGraph.swift in Sources */ = {isa = PBXBuildFile; fileRef = 48AABAF524F9810F006F6E10 /* BarGraph.swift */; };
		48AD744F24AAE86F0008A031 /* ValueSliderView.swift in Sources */ = {isa = PBXBuildFile; fileRef = 48AD744E24AAE86F0008A031 /* ValueSliderView.swift */; };
		48C2600F2485D61A0042C3ED /* Constants.swift in Sources */ = {isa = PBXBuildFile; fileRef = 48C2600E2485D61A0042C3ED /* Constants.swift */; };
		48C4235E247F57A4004A322A /* Cell.swift in Sources */ = {isa = PBXBuildFile; fileRef = 48C4235D247F57A4004A322A /* Cell.swift */; };
		48C42360247F57CC004A322A /* GraphEngine.swift in Sources */ = {isa = PBXBuildFile; fileRef = 48C4235F247F57CC004A322A /* GraphEngine.swift */; };
		48C42362247F5802004A322A /* GraphModel.swift in Sources */ = {isa = PBXBuildFile; fileRef = 48C42361247F5802004A322A /* GraphModel.swift */; };
		48C827FC250DA5B900804A6C /* GraphBuilderView.swift in Sources */ = {isa = PBXBuildFile; fileRef = 48C827FB250DA5B900804A6C /* GraphBuilderView.swift */; };
		48EC28142481C9980008AACA /* GraphView.swift in Sources */ = {isa = PBXBuildFile; fileRef = 48EC28132481C9980008AACA /* GraphView.swift */; };
		48EF85DE251E460E0057D80B /* Testing.swift in Sources */ = {isa = PBXBuildFile; fileRef = 48EF85DD251E460E0057D80B /* Testing.swift */; };
		48EF85F9251E4CBC0057D80B /* 5.png in Resources */ = {isa = PBXBuildFile; fileRef = 48EF85E9251E4CBB0057D80B /* 5.png */; };
		48EF85FA251E4CBC0057D80B /* 8.png in Resources */ = {isa = PBXBuildFile; fileRef = 48EF85EA251E4CBB0057D80B /* 8.png */; };
		48EF85FB251E4CBC0057D80B /* 13.png in Resources */ = {isa = PBXBuildFile; fileRef = 48EF85EB251E4CBB0057D80B /* 13.png */; };
		48EF85FC251E4CBC0057D80B /* 4.png in Resources */ = {isa = PBXBuildFile; fileRef = 48EF85EC251E4CBB0057D80B /* 4.png */; };
		48EF85FD251E4CBC0057D80B /* 14.png in Resources */ = {isa = PBXBuildFile; fileRef = 48EF85ED251E4CBC0057D80B /* 14.png */; };
		48EF85FE251E4CBC0057D80B /* 15.png in Resources */ = {isa = PBXBuildFile; fileRef = 48EF85EE251E4CBC0057D80B /* 15.png */; };
		48EF85FF251E4CBC0057D80B /* 7.png in Resources */ = {isa = PBXBuildFile; fileRef = 48EF85EF251E4CBC0057D80B /* 7.png */; };
		48EF8601251E4CBC0057D80B /* 1.png in Resources */ = {isa = PBXBuildFile; fileRef = 48EF85F1251E4CBC0057D80B /* 1.png */; };
		48EF8603251E4CBC0057D80B /* 6.png in Resources */ = {isa = PBXBuildFile; fileRef = 48EF85F3251E4CBC0057D80B /* 6.png */; };
		48EF8604251E4CBC0057D80B /* 2.png in Resources */ = {isa = PBXBuildFile; fileRef = 48EF85F4251E4CBC0057D80B /* 2.png */; };
		48EF8605251E4CBC0057D80B /* 9.png in Resources */ = {isa = PBXBuildFile; fileRef = 48EF85F5251E4CBC0057D80B /* 9.png */; };
		48EF8606251E4CBC0057D80B /* 11.png in Resources */ = {isa = PBXBuildFile; fileRef = 48EF85F6251E4CBC0057D80B /* 11.png */; };
		48EF8607251E4CBC0057D80B /* 10.png in Resources */ = {isa = PBXBuildFile; fileRef = 48EF85F7251E4CBC0057D80B /* 10.png */; };
		48EF8608251E4CBC0057D80B /* 12.png in Resources */ = {isa = PBXBuildFile; fileRef = 48EF85F8251E4CBC0057D80B /* 12.png */; };
/* End PBXBuildFile section */

/* Begin PBXContainerItemProxy section */
		3CCAB50B247C0C4B00E89AE8 /* PBXContainerItemProxy */ = {
			isa = PBXContainerItemProxy;
			containerPortal = 3CCAB4EC247C0C4900E89AE8 /* Project object */;
			proxyType = 1;
			remoteGlobalIDString = 3CCAB4F3247C0C4900E89AE8;
			remoteInfo = Instagraph;
		};
		3CCAB516247C0C4B00E89AE8 /* PBXContainerItemProxy */ = {
			isa = PBXContainerItemProxy;
			containerPortal = 3CCAB4EC247C0C4900E89AE8 /* Project object */;
			proxyType = 1;
			remoteGlobalIDString = 3CCAB4F3247C0C4900E89AE8;
			remoteInfo = Instagraph;
		};
/* End PBXContainerItemProxy section */

/* Begin PBXFileReference section */
		3C05D33624A24F550085BE9E /* opencv2.framework */ = {isa = PBXFileReference; lastKnownFileType = wrapper.framework; path = opencv2.framework; sourceTree = "<group>"; };
		3C05D33924A24FEB0085BE9E /* Instagraph-Bridging-Header.h */ = {isa = PBXFileReference; lastKnownFileType = sourcecode.c.h; path = "Instagraph-Bridging-Header.h"; sourceTree = "<group>"; };
		3C05D33A24A24FEC0085BE9E /* PrepareImageBridge.mm */ = {isa = PBXFileReference; fileEncoding = 4; lastKnownFileType = sourcecode.cpp.objcpp; path = PrepareImageBridge.mm; sourceTree = "<group>"; };
		3C05D33B24A24FEC0085BE9E /* PrepareImage.hpp */ = {isa = PBXFileReference; fileEncoding = 4; lastKnownFileType = sourcecode.cpp.h; path = PrepareImage.hpp; sourceTree = "<group>"; };
		3C05D33C24A24FEC0085BE9E /* PrepareImageBridge.h */ = {isa = PBXFileReference; fileEncoding = 4; lastKnownFileType = sourcecode.c.h; path = PrepareImageBridge.h; sourceTree = "<group>"; };
		3C05D33E24A24FEC0085BE9E /* PrepareImage.cpp */ = {isa = PBXFileReference; fileEncoding = 4; lastKnownFileType = sourcecode.cpp.cpp; path = PrepareImage.cpp; sourceTree = "<group>"; };
		3C18F8B52493C90A00ADB315 /* Crop.swift */ = {isa = PBXFileReference; lastKnownFileType = sourcecode.swift; path = Crop.swift; sourceTree = "<group>"; };
		3C25A3EC24870E5100100ABA /* ARCameraView.swift */ = {isa = PBXFileReference; lastKnownFileType = sourcecode.swift; path = ARCameraView.swift; sourceTree = "<group>"; };
		3C711588247C62BA001CBF4E /* tessdata */ = {isa = PBXFileReference; fileEncoding = 4; lastKnownFileType = text; path = tessdata; sourceTree = "<group>"; };
		3CCAB4F4247C0C4900E89AE8 /* Instagraph.app */ = {isa = PBXFileReference; explicitFileType = wrapper.application; includeInIndex = 0; path = Instagraph.app; sourceTree = BUILT_PRODUCTS_DIR; };
		3CCAB4F7247C0C4900E89AE8 /* AppDelegate.swift */ = {isa = PBXFileReference; lastKnownFileType = sourcecode.swift; path = AppDelegate.swift; sourceTree = "<group>"; };
		3CCAB4F9247C0C4900E89AE8 /* SceneDelegate.swift */ = {isa = PBXFileReference; lastKnownFileType = sourcecode.swift; path = SceneDelegate.swift; sourceTree = "<group>"; };
		3CCAB4FB247C0C4900E89AE8 /* ContentView.swift */ = {isa = PBXFileReference; lastKnownFileType = sourcecode.swift; path = ContentView.swift; sourceTree = "<group>"; };
		3CCAB4FD247C0C4A00E89AE8 /* Assets.xcassets */ = {isa = PBXFileReference; lastKnownFileType = folder.assetcatalog; path = Assets.xcassets; sourceTree = "<group>"; };
		3CCAB500247C0C4A00E89AE8 /* Preview Assets.xcassets */ = {isa = PBXFileReference; lastKnownFileType = folder.assetcatalog; path = "Preview Assets.xcassets"; sourceTree = "<group>"; };
		3CCAB503247C0C4A00E89AE8 /* Base */ = {isa = PBXFileReference; lastKnownFileType = file.storyboard; name = Base; path = Base.lproj/LaunchScreen.storyboard; sourceTree = "<group>"; };
		3CCAB50A247C0C4A00E89AE8 /* InstagraphTests.xctest */ = {isa = PBXFileReference; explicitFileType = wrapper.cfbundle; includeInIndex = 0; path = InstagraphTests.xctest; sourceTree = BUILT_PRODUCTS_DIR; };
		3CCAB515247C0C4B00E89AE8 /* InstagraphUITests.xctest */ = {isa = PBXFileReference; explicitFileType = wrapper.cfbundle; includeInIndex = 0; path = InstagraphUITests.xctest; sourceTree = BUILT_PRODUCTS_DIR; };
		3CCAB52D247C0FEC00E89AE8 /* ImagePicker.swift */ = {isa = PBXFileReference; lastKnownFileType = sourcecode.swift; path = ImagePicker.swift; sourceTree = "<group>"; };
		3CCAB533247C198500E89AE8 /* DocumentPicker.swift */ = {isa = PBXFileReference; lastKnownFileType = sourcecode.swift; path = DocumentPicker.swift; sourceTree = "<group>"; };
		3CCF7C51254DF4070055FE18 /* 3.png */ = {isa = PBXFileReference; lastKnownFileType = image.png; path = 3.png; sourceTree = "<group>"; };
		3CD479102487410A008E67CD /* OCRSortingEngine.swift */ = {isa = PBXFileReference; lastKnownFileType = sourcecode.swift; path = OCRSortingEngine.swift; sourceTree = "<group>"; };
		3CD4791224874330008E67CD /* OCRProperties.swift */ = {isa = PBXFileReference; lastKnownFileType = sourcecode.swift; path = OCRProperties.swift; sourceTree = "<group>"; };
		480E8C3A25047611001EB2EC /* TableView.swift */ = {isa = PBXFileReference; lastKnownFileType = sourcecode.swift; path = TableView.swift; sourceTree = "<group>"; };
		48AABAF324F980E9006F6E10 /* LineGraph.swift */ = {isa = PBXFileReference; lastKnownFileType = sourcecode.swift; path = LineGraph.swift; sourceTree = "<group>"; };
		48AABAF524F9810F006F6E10 /* BarGraph.swift */ = {isa = PBXFileReference; lastKnownFileType = sourcecode.swift; path = BarGraph.swift; sourceTree = "<group>"; };
		48AD744E24AAE86F0008A031 /* ValueSliderView.swift */ = {isa = PBXFileReference; lastKnownFileType = sourcecode.swift; path = ValueSliderView.swift; sourceTree = "<group>"; };
		48C2600E2485D61A0042C3ED /* Constants.swift */ = {isa = PBXFileReference; fileEncoding = 4; lastKnownFileType = sourcecode.swift; path = Constants.swift; sourceTree = "<group>"; };
		48C4235D247F57A4004A322A /* Cell.swift */ = {isa = PBXFileReference; lastKnownFileType = sourcecode.swift; path = Cell.swift; sourceTree = "<group>"; };
		48C4235F247F57CC004A322A /* GraphEngine.swift */ = {isa = PBXFileReference; lastKnownFileType = sourcecode.swift; path = GraphEngine.swift; sourceTree = "<group>"; };
		48C42361247F5802004A322A /* GraphModel.swift */ = {isa = PBXFileReference; lastKnownFileType = sourcecode.swift; path = GraphModel.swift; sourceTree = "<group>"; };
		48C827FB250DA5B900804A6C /* GraphBuilderView.swift */ = {isa = PBXFileReference; lastKnownFileType = sourcecode.swift; path = GraphBuilderView.swift; sourceTree = "<group>"; };
		48EC28132481C9980008AACA /* GraphView.swift */ = {isa = PBXFileReference; lastKnownFileType = sourcecode.swift; path = GraphView.swift; sourceTree = "<group>"; };
		48EF85DD251E460E0057D80B /* Testing.swift */ = {isa = PBXFileReference; lastKnownFileType = sourcecode.swift; path = Testing.swift; sourceTree = "<group>"; };
		48EF85E9251E4CBB0057D80B /* 5.png */ = {isa = PBXFileReference; lastKnownFileType = image.png; path = 5.png; sourceTree = "<group>"; };
		48EF85EA251E4CBB0057D80B /* 8.png */ = {isa = PBXFileReference; lastKnownFileType = image.png; path = 8.png; sourceTree = "<group>"; };
		48EF85EB251E4CBB0057D80B /* 13.png */ = {isa = PBXFileReference; lastKnownFileType = image.png; path = 13.png; sourceTree = "<group>"; };
		48EF85EC251E4CBB0057D80B /* 4.png */ = {isa = PBXFileReference; lastKnownFileType = image.png; path = 4.png; sourceTree = "<group>"; };
		48EF85ED251E4CBC0057D80B /* 14.png */ = {isa = PBXFileReference; lastKnownFileType = image.png; path = 14.png; sourceTree = "<group>"; };
		48EF85EE251E4CBC0057D80B /* 15.png */ = {isa = PBXFileReference; lastKnownFileType = image.png; path = 15.png; sourceTree = "<group>"; };
		48EF85EF251E4CBC0057D80B /* 7.png */ = {isa = PBXFileReference; lastKnownFileType = image.png; path = 7.png; sourceTree = "<group>"; };
		48EF85F1251E4CBC0057D80B /* 1.png */ = {isa = PBXFileReference; lastKnownFileType = image.png; path = 1.png; sourceTree = "<group>"; };
		48EF85F3251E4CBC0057D80B /* 6.png */ = {isa = PBXFileReference; lastKnownFileType = image.png; path = 6.png; sourceTree = "<group>"; };
		48EF85F4251E4CBC0057D80B /* 2.png */ = {isa = PBXFileReference; lastKnownFileType = image.png; path = 2.png; sourceTree = "<group>"; };
		48EF85F5251E4CBC0057D80B /* 9.png */ = {isa = PBXFileReference; lastKnownFileType = image.png; path = 9.png; sourceTree = "<group>"; };
		48EF85F6251E4CBC0057D80B /* 11.png */ = {isa = PBXFileReference; lastKnownFileType = image.png; path = 11.png; sourceTree = "<group>"; };
		48EF85F7251E4CBC0057D80B /* 10.png */ = {isa = PBXFileReference; lastKnownFileType = image.png; path = 10.png; sourceTree = "<group>"; };
		48EF85F8251E4CBC0057D80B /* 12.png */ = {isa = PBXFileReference; lastKnownFileType = image.png; path = 12.png; sourceTree = "<group>"; };
		776FD91F923AA58E6F5A845A /* Pods-Instagraph.debug.xcconfig */ = {isa = PBXFileReference; includeInIndex = 1; lastKnownFileType = text.xcconfig; name = "Pods-Instagraph.debug.xcconfig"; path = "Target Support Files/Pods-Instagraph/Pods-Instagraph.debug.xcconfig"; sourceTree = "<group>"; };
		A5E21D8D00A9CC2C8D6AA6B5 /* Pods-Instagraph.release.xcconfig */ = {isa = PBXFileReference; includeInIndex = 1; lastKnownFileType = text.xcconfig; name = "Pods-Instagraph.release.xcconfig"; path = "Target Support Files/Pods-Instagraph/Pods-Instagraph.release.xcconfig"; sourceTree = "<group>"; };
		E487963C3A24110A872FE95B /* Pods_Instagraph.framework */ = {isa = PBXFileReference; explicitFileType = wrapper.framework; includeInIndex = 0; path = Pods_Instagraph.framework; sourceTree = BUILT_PRODUCTS_DIR; };
/* End PBXFileReference section */

/* Begin PBXFrameworksBuildPhase section */
		3CCAB4F1247C0C4900E89AE8 /* Frameworks */ = {
			isa = PBXFrameworksBuildPhase;
			buildActionMask = 2147483647;
			files = (
				3C05D33724A24F550085BE9E /* opencv2.framework in Frameworks */,
				40E4B7A8363BC7FCBA7E4ECD /* Pods_Instagraph.framework in Frameworks */,
			);
			runOnlyForDeploymentPostprocessing = 0;
		};
		3CCAB507247C0C4A00E89AE8 /* Frameworks */ = {
			isa = PBXFrameworksBuildPhase;
			buildActionMask = 2147483647;
			files = (
			);
			runOnlyForDeploymentPostprocessing = 0;
		};
		3CCAB512247C0C4B00E89AE8 /* Frameworks */ = {
			isa = PBXFrameworksBuildPhase;
			buildActionMask = 2147483647;
			files = (
			);
			runOnlyForDeploymentPostprocessing = 0;
		};
/* End PBXFrameworksBuildPhase section */

/* Begin PBXGroup section */
		18172B988EAD1572EBB6BA0F /* Pods */ = {
			isa = PBXGroup;
			children = (
				776FD91F923AA58E6F5A845A /* Pods-Instagraph.debug.xcconfig */,
				A5E21D8D00A9CC2C8D6AA6B5 /* Pods-Instagraph.release.xcconfig */,
			);
			path = Pods;
			sourceTree = "<group>";
		};
		2C2EF17349DD97645BC13B8E /* Frameworks */ = {
			isa = PBXGroup;
			children = (
				E487963C3A24110A872FE95B /* Pods_Instagraph.framework */,
			);
			name = Frameworks;
			sourceTree = "<group>";
		};
		3C18F8B9249401B400ADB315 /* OCR */ = {
			isa = PBXGroup;
			children = (
				3C25A3EC24870E5100100ABA /* ARCameraView.swift */,
				3CCAB533247C198500E89AE8 /* DocumentPicker.swift */,
				3CCAB52D247C0FEC00E89AE8 /* ImagePicker.swift */,
				3C18F8B52493C90A00ADB315 /* Crop.swift */,
				3C05D33924A24FEB0085BE9E /* Instagraph-Bridging-Header.h */,
				3C05D33C24A24FEC0085BE9E /* PrepareImageBridge.h */,
				3C05D33A24A24FEC0085BE9E /* PrepareImageBridge.mm */,
				3C05D33B24A24FEC0085BE9E /* PrepareImage.hpp */,
				3C05D33E24A24FEC0085BE9E /* PrepareImage.cpp */,
				3CD479102487410A008E67CD /* OCRSortingEngine.swift */,
			);
			path = OCR;
			sourceTree = "<group>";
		};
		3CCAB4EB247C0C4900E89AE8 = {
			isa = PBXGroup;
			children = (
				3C05D33624A24F550085BE9E /* opencv2.framework */,
				3CCAB4F6247C0C4900E89AE8 /* Instagraph */,
				18172B988EAD1572EBB6BA0F /* Pods */,
				3CCAB4F5247C0C4900E89AE8 /* Products */,
				2C2EF17349DD97645BC13B8E /* Frameworks */,
			);
			sourceTree = "<group>";
		};
		3CCAB4F5247C0C4900E89AE8 /* Products */ = {
			isa = PBXGroup;
			children = (
				3CCAB4F4247C0C4900E89AE8 /* Instagraph.app */,
				3CCAB50A247C0C4A00E89AE8 /* InstagraphTests.xctest */,
				3CCAB515247C0C4B00E89AE8 /* InstagraphUITests.xctest */,
			);
			name = Products;
			sourceTree = "<group>";
		};
		3CCAB4F6247C0C4900E89AE8 /* Instagraph */ = {
			isa = PBXGroup;
			children = (
				48EF85E2251E46910057D80B /* TestTables */,
				48EF85DC251E45FD0057D80B /* Testing */,
				3CCAB4FD247C0C4A00E89AE8 /* Assets.xcassets */,
				3CD4791224874330008E67CD /* OCRProperties.swift */,
				48C2600E2485D61A0042C3ED /* Constants.swift */,
				3CCAB4F7247C0C4900E89AE8 /* AppDelegate.swift */,
				3CCAB4F9247C0C4900E89AE8 /* SceneDelegate.swift */,
				3CCAB4FB247C0C4900E89AE8 /* ContentView.swift */,
				3C18F8B9249401B400ADB315 /* OCR */,
				48C4235C247F5709004A322A /* GraphEngine */,
				48EC28122481C9800008AACA /* GraphViz */,
				3CCAB4FF247C0C4A00E89AE8 /* Preview Content */,
				3CCAB502247C0C4A00E89AE8 /* LaunchScreen.storyboard */,
				3C711588247C62BA001CBF4E /* tessdata */,
			);
			path = Instagraph;
			sourceTree = "<group>";
		};
		3CCAB4FF247C0C4A00E89AE8 /* Preview Content */ = {
			isa = PBXGroup;
			children = (
				3CCAB500247C0C4A00E89AE8 /* Preview Assets.xcassets */,
			);
			path = "Preview Content";
			sourceTree = "<group>";
		};
		48C4235C247F5709004A322A /* GraphEngine */ = {
			isa = PBXGroup;
			children = (
				48C4235D247F57A4004A322A /* Cell.swift */,
				48C4235F247F57CC004A322A /* GraphEngine.swift */,
				48C42361247F5802004A322A /* GraphModel.swift */,
			);
			path = GraphEngine;
			sourceTree = "<group>";
		};
		48EC28122481C9800008AACA /* GraphViz */ = {
			isa = PBXGroup;
			children = (
				48AABAF324F980E9006F6E10 /* LineGraph.swift */,
				48AABAF524F9810F006F6E10 /* BarGraph.swift */,
				48EC28132481C9980008AACA /* GraphView.swift */,
				48AD744E24AAE86F0008A031 /* ValueSliderView.swift */,
				480E8C3A25047611001EB2EC /* TableView.swift */,
				48C827FB250DA5B900804A6C /* GraphBuilderView.swift */,
			);
			path = GraphViz;
			sourceTree = "<group>";
		};
		48EF85DC251E45FD0057D80B /* Testing */ = {
			isa = PBXGroup;
			children = (
				48EF85DD251E460E0057D80B /* Testing.swift */,
			);
			path = Testing;
			sourceTree = "<group>";
		};
		48EF85E2251E46910057D80B /* TestTables */ = {
			isa = PBXGroup;
			children = (
				48EF85F1251E4CBC0057D80B /* 1.png */,
				48EF85F4251E4CBC0057D80B /* 2.png */,
				3CCF7C51254DF4070055FE18 /* 3.png */,
				48EF85EC251E4CBB0057D80B /* 4.png */,
				48EF85E9251E4CBB0057D80B /* 5.png */,
				48EF85F3251E4CBC0057D80B /* 6.png */,
				48EF85EF251E4CBC0057D80B /* 7.png */,
				48EF85EA251E4CBB0057D80B /* 8.png */,
				48EF85F5251E4CBC0057D80B /* 9.png */,
				48EF85F7251E4CBC0057D80B /* 10.png */,
				48EF85F6251E4CBC0057D80B /* 11.png */,
				48EF85F8251E4CBC0057D80B /* 12.png */,
				48EF85EB251E4CBB0057D80B /* 13.png */,
				48EF85ED251E4CBC0057D80B /* 14.png */,
				48EF85EE251E4CBC0057D80B /* 15.png */,
			);
			path = TestTables;
			sourceTree = "<group>";
		};
/* End PBXGroup section */

/* Begin PBXNativeTarget section */
		3CCAB4F3247C0C4900E89AE8 /* Instagraph */ = {
			isa = PBXNativeTarget;
			buildConfigurationList = 3CCAB51E247C0C4B00E89AE8 /* Build configuration list for PBXNativeTarget "Instagraph" */;
			buildPhases = (
				A3F1112C8E7B2C22BA7992D2 /* [CP] Check Pods Manifest.lock */,
				3CCAB4F0247C0C4900E89AE8 /* Sources */,
				3CCAB4F1247C0C4900E89AE8 /* Frameworks */,
				3CCAB4F2247C0C4900E89AE8 /* Resources */,
				87CE5C2831F2EF7EFA2B1BA4 /* [CP] Embed Pods Frameworks */,
			);
			buildRules = (
			);
			dependencies = (
			);
			name = Instagraph;
			productName = Instagraph;
			productReference = 3CCAB4F4247C0C4900E89AE8 /* Instagraph.app */;
			productType = "com.apple.product-type.application";
		};
		3CCAB509247C0C4A00E89AE8 /* InstagraphTests */ = {
			isa = PBXNativeTarget;
			buildConfigurationList = 3CCAB521247C0C4B00E89AE8 /* Build configuration list for PBXNativeTarget "InstagraphTests" */;
			buildPhases = (
				3CCAB506247C0C4A00E89AE8 /* Sources */,
				3CCAB507247C0C4A00E89AE8 /* Frameworks */,
				3CCAB508247C0C4A00E89AE8 /* Resources */,
			);
			buildRules = (
			);
			dependencies = (
				3CCAB50C247C0C4B00E89AE8 /* PBXTargetDependency */,
			);
			name = InstagraphTests;
			productName = InstagraphTests;
			productReference = 3CCAB50A247C0C4A00E89AE8 /* InstagraphTests.xctest */;
			productType = "com.apple.product-type.bundle.unit-test";
		};
		3CCAB514247C0C4B00E89AE8 /* InstagraphUITests */ = {
			isa = PBXNativeTarget;
			buildConfigurationList = 3CCAB524247C0C4B00E89AE8 /* Build configuration list for PBXNativeTarget "InstagraphUITests" */;
			buildPhases = (
				3CCAB511247C0C4B00E89AE8 /* Sources */,
				3CCAB512247C0C4B00E89AE8 /* Frameworks */,
				3CCAB513247C0C4B00E89AE8 /* Resources */,
			);
			buildRules = (
			);
			dependencies = (
				3CCAB517247C0C4B00E89AE8 /* PBXTargetDependency */,
			);
			name = InstagraphUITests;
			productName = InstagraphUITests;
			productReference = 3CCAB515247C0C4B00E89AE8 /* InstagraphUITests.xctest */;
			productType = "com.apple.product-type.bundle.ui-testing";
		};
/* End PBXNativeTarget section */

/* Begin PBXProject section */
		3CCAB4EC247C0C4900E89AE8 /* Project object */ = {
			isa = PBXProject;
			attributes = {
				LastSwiftUpdateCheck = 1140;
				LastUpgradeCheck = 1140;
				ORGANIZATIONNAME = "Madison Gipson";
				TargetAttributes = {
					3CCAB4F3247C0C4900E89AE8 = {
						CreatedOnToolsVersion = 11.4.1;
						LastSwiftMigration = 1150;
					};
					3CCAB509247C0C4A00E89AE8 = {
						CreatedOnToolsVersion = 11.4.1;
						TestTargetID = 3CCAB4F3247C0C4900E89AE8;
					};
					3CCAB514247C0C4B00E89AE8 = {
						CreatedOnToolsVersion = 11.4.1;
						TestTargetID = 3CCAB4F3247C0C4900E89AE8;
					};
				};
			};
			buildConfigurationList = 3CCAB4EF247C0C4900E89AE8 /* Build configuration list for PBXProject "Instagraph" */;
			compatibilityVersion = "Xcode 9.3";
			developmentRegion = en;
			hasScannedForEncodings = 0;
			knownRegions = (
				en,
				Base,
			);
			mainGroup = 3CCAB4EB247C0C4900E89AE8;
			productRefGroup = 3CCAB4F5247C0C4900E89AE8 /* Products */;
			projectDirPath = "";
			projectRoot = "";
			targets = (
				3CCAB4F3247C0C4900E89AE8 /* Instagraph */,
				3CCAB509247C0C4A00E89AE8 /* InstagraphTests */,
				3CCAB514247C0C4B00E89AE8 /* InstagraphUITests */,
			);
		};
/* End PBXProject section */

/* Begin PBXResourcesBuildPhase section */
		3CCAB4F2247C0C4900E89AE8 /* Resources */ = {
			isa = PBXResourcesBuildPhase;
			buildActionMask = 2147483647;
			files = (
				48EF8608251E4CBC0057D80B /* 12.png in Resources */,
				48EF85FF251E4CBC0057D80B /* 7.png in Resources */,
				48EF85FA251E4CBC0057D80B /* 8.png in Resources */,
				48EF85FD251E4CBC0057D80B /* 14.png in Resources */,
				3CCAB504247C0C4A00E89AE8 /* LaunchScreen.storyboard in Resources */,
				48EF85F9251E4CBC0057D80B /* 5.png in Resources */,
				3CCF7C52254DF4070055FE18 /* 3.png in Resources */,
				48EF8601251E4CBC0057D80B /* 1.png in Resources */,
				3C711589247C62BA001CBF4E /* tessdata in Resources */,
				48EF85FE251E4CBC0057D80B /* 15.png in Resources */,
				48EF8605251E4CBC0057D80B /* 9.png in Resources */,
				48EF8603251E4CBC0057D80B /* 6.png in Resources */,
				48EF8604251E4CBC0057D80B /* 2.png in Resources */,
				48EF85FC251E4CBC0057D80B /* 4.png in Resources */,
				48EF8606251E4CBC0057D80B /* 11.png in Resources */,
				3CCAB501247C0C4A00E89AE8 /* Preview Assets.xcassets in Resources */,
				3CCAB4FE247C0C4A00E89AE8 /* Assets.xcassets in Resources */,
				48EF8607251E4CBC0057D80B /* 10.png in Resources */,
				48EF85FB251E4CBC0057D80B /* 13.png in Resources */,
			);
			runOnlyForDeploymentPostprocessing = 0;
		};
		3CCAB508247C0C4A00E89AE8 /* Resources */ = {
			isa = PBXResourcesBuildPhase;
			buildActionMask = 2147483647;
			files = (
			);
			runOnlyForDeploymentPostprocessing = 0;
		};
		3CCAB513247C0C4B00E89AE8 /* Resources */ = {
			isa = PBXResourcesBuildPhase;
			buildActionMask = 2147483647;
			files = (
			);
			runOnlyForDeploymentPostprocessing = 0;
		};
/* End PBXResourcesBuildPhase section */

/* Begin PBXShellScriptBuildPhase section */
		87CE5C2831F2EF7EFA2B1BA4 /* [CP] Embed Pods Frameworks */ = {
			isa = PBXShellScriptBuildPhase;
			buildActionMask = 2147483647;
			files = (
			);
			inputFileListPaths = (
				"${PODS_ROOT}/Target Support Files/Pods-Instagraph/Pods-Instagraph-frameworks-${CONFIGURATION}-input-files.xcfilelist",
			);
			name = "[CP] Embed Pods Frameworks";
			outputFileListPaths = (
				"${PODS_ROOT}/Target Support Files/Pods-Instagraph/Pods-Instagraph-frameworks-${CONFIGURATION}-output-files.xcfilelist",
			);
			runOnlyForDeploymentPostprocessing = 0;
			shellPath = /bin/sh;
			shellScript = "\"${PODS_ROOT}/Target Support Files/Pods-Instagraph/Pods-Instagraph-frameworks.sh\"\n";
			showEnvVarsInLog = 0;
		};
		A3F1112C8E7B2C22BA7992D2 /* [CP] Check Pods Manifest.lock */ = {
			isa = PBXShellScriptBuildPhase;
			buildActionMask = 2147483647;
			files = (
			);
			inputFileListPaths = (
			);
			inputPaths = (
				"${PODS_PODFILE_DIR_PATH}/Podfile.lock",
				"${PODS_ROOT}/Manifest.lock",
			);
			name = "[CP] Check Pods Manifest.lock";
			outputFileListPaths = (
			);
			outputPaths = (
				"$(DERIVED_FILE_DIR)/Pods-Instagraph-checkManifestLockResult.txt",
			);
			runOnlyForDeploymentPostprocessing = 0;
			shellPath = /bin/sh;
			shellScript = "diff \"${PODS_PODFILE_DIR_PATH}/Podfile.lock\" \"${PODS_ROOT}/Manifest.lock\" > /dev/null\nif [ $? != 0 ] ; then\n    # print error to STDERR\n    echo \"error: The sandbox is not in sync with the Podfile.lock. Run 'pod install' or update your CocoaPods installation.\" >&2\n    exit 1\nfi\n# This output is used by Xcode 'outputs' to avoid re-running this script phase.\necho \"SUCCESS\" > \"${SCRIPT_OUTPUT_FILE_0}\"\n";
			showEnvVarsInLog = 0;
		};
/* End PBXShellScriptBuildPhase section */

/* Begin PBXSourcesBuildPhase section */
		3CCAB4F0247C0C4900E89AE8 /* Sources */ = {
			isa = PBXSourcesBuildPhase;
			buildActionMask = 2147483647;
			files = (
				48AABAF624F9810F006F6E10 /* BarGraph.swift in Sources */,
				480E8C3B25047611001EB2EC /* TableView.swift in Sources */,
				48AABAF424F980E9006F6E10 /* LineGraph.swift in Sources */,
				3C05D33F24A24FEC0085BE9E /* PrepareImageBridge.mm in Sources */,
				3CD4791324874330008E67CD /* OCRProperties.swift in Sources */,
				3CCAB4F8247C0C4900E89AE8 /* AppDelegate.swift in Sources */,
				48C2600F2485D61A0042C3ED /* Constants.swift in Sources */,
				3CCAB4FA247C0C4900E89AE8 /* SceneDelegate.swift in Sources */,
				48C827FC250DA5B900804A6C /* GraphBuilderView.swift in Sources */,
				48C4235E247F57A4004A322A /* Cell.swift in Sources */,
				3CD479112487410A008E67CD /* OCRSortingEngine.swift in Sources */,
				48AD744F24AAE86F0008A031 /* ValueSliderView.swift in Sources */,
				3CCAB52E247C0FEC00E89AE8 /* ImagePicker.swift in Sources */,
				3C18F8B62493C90A00ADB315 /* Crop.swift in Sources */,
				3C05D34024A24FEC0085BE9E /* PrepareImage.cpp in Sources */,
				48C42360247F57CC004A322A /* GraphEngine.swift in Sources */,
				48EF85DE251E460E0057D80B /* Testing.swift in Sources */,
				48EC28142481C9980008AACA /* GraphView.swift in Sources */,
				3C25A3ED24870E5100100ABA /* ARCameraView.swift in Sources */,
				3CCAB534247C198500E89AE8 /* DocumentPicker.swift in Sources */,
				3CCAB4FC247C0C4900E89AE8 /* ContentView.swift in Sources */,
				48C42362247F5802004A322A /* GraphModel.swift in Sources */,
			);
			runOnlyForDeploymentPostprocessing = 0;
		};
		3CCAB506247C0C4A00E89AE8 /* Sources */ = {
			isa = PBXSourcesBuildPhase;
			buildActionMask = 2147483647;
			files = (
			);
			runOnlyForDeploymentPostprocessing = 0;
		};
		3CCAB511247C0C4B00E89AE8 /* Sources */ = {
			isa = PBXSourcesBuildPhase;
			buildActionMask = 2147483647;
			files = (
			);
			runOnlyForDeploymentPostprocessing = 0;
		};
/* End PBXSourcesBuildPhase section */

/* Begin PBXTargetDependency section */
		3CCAB50C247C0C4B00E89AE8 /* PBXTargetDependency */ = {
			isa = PBXTargetDependency;
			target = 3CCAB4F3247C0C4900E89AE8 /* Instagraph */;
			targetProxy = 3CCAB50B247C0C4B00E89AE8 /* PBXContainerItemProxy */;
		};
		3CCAB517247C0C4B00E89AE8 /* PBXTargetDependency */ = {
			isa = PBXTargetDependency;
			target = 3CCAB4F3247C0C4900E89AE8 /* Instagraph */;
			targetProxy = 3CCAB516247C0C4B00E89AE8 /* PBXContainerItemProxy */;
		};
/* End PBXTargetDependency section */

/* Begin PBXVariantGroup section */
		3CCAB502247C0C4A00E89AE8 /* LaunchScreen.storyboard */ = {
			isa = PBXVariantGroup;
			children = (
				3CCAB503247C0C4A00E89AE8 /* Base */,
			);
			name = LaunchScreen.storyboard;
			path = .;
			sourceTree = "<group>";
		};
/* End PBXVariantGroup section */

/* Begin XCBuildConfiguration section */
		3CCAB51C247C0C4B00E89AE8 /* Debug */ = {
			isa = XCBuildConfiguration;
			buildSettings = {
				ALWAYS_SEARCH_USER_PATHS = NO;
				CLANG_ANALYZER_NONNULL = YES;
				CLANG_ANALYZER_NUMBER_OBJECT_CONVERSION = YES_AGGRESSIVE;
				CLANG_CXX_LANGUAGE_STANDARD = "gnu++14";
				CLANG_CXX_LIBRARY = "libc++";
				CLANG_ENABLE_MODULES = YES;
				CLANG_ENABLE_OBJC_ARC = YES;
				CLANG_ENABLE_OBJC_WEAK = YES;
				CLANG_WARN_BLOCK_CAPTURE_AUTORELEASING = YES;
				CLANG_WARN_BOOL_CONVERSION = YES;
				CLANG_WARN_COMMA = YES;
				CLANG_WARN_CONSTANT_CONVERSION = YES;
				CLANG_WARN_DEPRECATED_OBJC_IMPLEMENTATIONS = YES;
				CLANG_WARN_DIRECT_OBJC_ISA_USAGE = YES_ERROR;
				CLANG_WARN_DOCUMENTATION_COMMENTS = YES;
				CLANG_WARN_EMPTY_BODY = YES;
				CLANG_WARN_ENUM_CONVERSION = YES;
				CLANG_WARN_INFINITE_RECURSION = YES;
				CLANG_WARN_INT_CONVERSION = YES;
				CLANG_WARN_NON_LITERAL_NULL_CONVERSION = YES;
				CLANG_WARN_OBJC_IMPLICIT_RETAIN_SELF = YES;
				CLANG_WARN_OBJC_LITERAL_CONVERSION = YES;
				CLANG_WARN_OBJC_ROOT_CLASS = YES_ERROR;
				CLANG_WARN_RANGE_LOOP_ANALYSIS = YES;
				CLANG_WARN_STRICT_PROTOTYPES = YES;
				CLANG_WARN_SUSPICIOUS_MOVE = YES;
				CLANG_WARN_UNGUARDED_AVAILABILITY = YES_AGGRESSIVE;
				CLANG_WARN_UNREACHABLE_CODE = YES;
				CLANG_WARN__DUPLICATE_METHOD_MATCH = YES;
				COPY_PHASE_STRIP = NO;
				DEBUG_INFORMATION_FORMAT = dwarf;
				ENABLE_STRICT_OBJC_MSGSEND = YES;
				ENABLE_TESTABILITY = YES;
				GCC_C_LANGUAGE_STANDARD = gnu11;
				GCC_DYNAMIC_NO_PIC = NO;
				GCC_NO_COMMON_BLOCKS = YES;
				GCC_OPTIMIZATION_LEVEL = 0;
				GCC_PREPROCESSOR_DEFINITIONS = (
					"DEBUG=1",
					"$(inherited)",
				);
				GCC_WARN_64_TO_32_BIT_CONVERSION = YES;
				GCC_WARN_ABOUT_RETURN_TYPE = YES_ERROR;
				GCC_WARN_UNDECLARED_SELECTOR = YES;
				GCC_WARN_UNINITIALIZED_AUTOS = YES_AGGRESSIVE;
				GCC_WARN_UNUSED_FUNCTION = YES;
				GCC_WARN_UNUSED_VARIABLE = YES;
				IPHONEOS_DEPLOYMENT_TARGET = 13.4;
				MTL_ENABLE_DEBUG_INFO = INCLUDE_SOURCE;
				MTL_FAST_MATH = YES;
				ONLY_ACTIVE_ARCH = YES;
				SDKROOT = iphoneos;
				SWIFT_ACTIVE_COMPILATION_CONDITIONS = DEBUG;
				SWIFT_OPTIMIZATION_LEVEL = "-Onone";
			};
			name = Debug;
		};
		3CCAB51D247C0C4B00E89AE8 /* Release */ = {
			isa = XCBuildConfiguration;
			buildSettings = {
				ALWAYS_SEARCH_USER_PATHS = NO;
				CLANG_ANALYZER_NONNULL = YES;
				CLANG_ANALYZER_NUMBER_OBJECT_CONVERSION = YES_AGGRESSIVE;
				CLANG_CXX_LANGUAGE_STANDARD = "gnu++14";
				CLANG_CXX_LIBRARY = "libc++";
				CLANG_ENABLE_MODULES = YES;
				CLANG_ENABLE_OBJC_ARC = YES;
				CLANG_ENABLE_OBJC_WEAK = YES;
				CLANG_WARN_BLOCK_CAPTURE_AUTORELEASING = YES;
				CLANG_WARN_BOOL_CONVERSION = YES;
				CLANG_WARN_COMMA = YES;
				CLANG_WARN_CONSTANT_CONVERSION = YES;
				CLANG_WARN_DEPRECATED_OBJC_IMPLEMENTATIONS = YES;
				CLANG_WARN_DIRECT_OBJC_ISA_USAGE = YES_ERROR;
				CLANG_WARN_DOCUMENTATION_COMMENTS = YES;
				CLANG_WARN_EMPTY_BODY = YES;
				CLANG_WARN_ENUM_CONVERSION = YES;
				CLANG_WARN_INFINITE_RECURSION = YES;
				CLANG_WARN_INT_CONVERSION = YES;
				CLANG_WARN_NON_LITERAL_NULL_CONVERSION = YES;
				CLANG_WARN_OBJC_IMPLICIT_RETAIN_SELF = YES;
				CLANG_WARN_OBJC_LITERAL_CONVERSION = YES;
				CLANG_WARN_OBJC_ROOT_CLASS = YES_ERROR;
				CLANG_WARN_RANGE_LOOP_ANALYSIS = YES;
				CLANG_WARN_STRICT_PROTOTYPES = YES;
				CLANG_WARN_SUSPICIOUS_MOVE = YES;
				CLANG_WARN_UNGUARDED_AVAILABILITY = YES_AGGRESSIVE;
				CLANG_WARN_UNREACHABLE_CODE = YES;
				CLANG_WARN__DUPLICATE_METHOD_MATCH = YES;
				COPY_PHASE_STRIP = NO;
				DEBUG_INFORMATION_FORMAT = "dwarf-with-dsym";
				ENABLE_NS_ASSERTIONS = NO;
				ENABLE_STRICT_OBJC_MSGSEND = YES;
				GCC_C_LANGUAGE_STANDARD = gnu11;
				GCC_NO_COMMON_BLOCKS = YES;
				GCC_WARN_64_TO_32_BIT_CONVERSION = YES;
				GCC_WARN_ABOUT_RETURN_TYPE = YES_ERROR;
				GCC_WARN_UNDECLARED_SELECTOR = YES;
				GCC_WARN_UNINITIALIZED_AUTOS = YES_AGGRESSIVE;
				GCC_WARN_UNUSED_FUNCTION = YES;
				GCC_WARN_UNUSED_VARIABLE = YES;
				IPHONEOS_DEPLOYMENT_TARGET = 13.4;
				MTL_ENABLE_DEBUG_INFO = NO;
				MTL_FAST_MATH = YES;
				SDKROOT = iphoneos;
				SWIFT_COMPILATION_MODE = wholemodule;
				SWIFT_OPTIMIZATION_LEVEL = "-O";
				VALIDATE_PRODUCT = YES;
			};
			name = Release;
		};
		3CCAB51F247C0C4B00E89AE8 /* Debug */ = {
			isa = XCBuildConfiguration;
			baseConfigurationReference = 776FD91F923AA58E6F5A845A /* Pods-Instagraph.debug.xcconfig */;
			buildSettings = {
				ASSETCATALOG_COMPILER_APPICON_NAME = AppIcon;
				CLANG_ENABLE_MODULES = YES;
				CODE_SIGN_STYLE = Automatic;
				DEVELOPMENT_ASSET_PATHS = "\"Instagraph/Preview Content\"";
				DEVELOPMENT_TEAM = UVSFW3HDBB;
				ENABLE_PREVIEWS = YES;
				FRAMEWORK_SEARCH_PATHS = (
					"$(inherited)",
					"$(PROJECT_DIR)",
				);
				INFOPLIST_FILE = Instagraph/Info.plist;
				IPHONEOS_DEPLOYMENT_TARGET = 13.0;
				LD_RUNPATH_SEARCH_PATHS = (
					"$(inherited)",
					"@executable_path/Frameworks",
				);
				PRODUCT_BUNDLE_IDENTIFIER = LH.Instagraph;
				PRODUCT_NAME = "$(TARGET_NAME)";
				SWIFT_OBJC_BRIDGING_HEADER = "Instagraph/OCR/Instagraph-Bridging-Header.h";
				SWIFT_OPTIMIZATION_LEVEL = "-Onone";
				SWIFT_VERSION = 5.0;
				TARGETED_DEVICE_FAMILY = "1,2";
			};
			name = Debug;
		};
		3CCAB520247C0C4B00E89AE8 /* Release */ = {
			isa = XCBuildConfiguration;
			baseConfigurationReference = A5E21D8D00A9CC2C8D6AA6B5 /* Pods-Instagraph.release.xcconfig */;
			buildSettings = {
				ASSETCATALOG_COMPILER_APPICON_NAME = AppIcon;
				CLANG_ENABLE_MODULES = YES;
				CODE_SIGN_STYLE = Automatic;
				DEVELOPMENT_ASSET_PATHS = "\"Instagraph/Preview Content\"";
				DEVELOPMENT_TEAM = UVSFW3HDBB;
				ENABLE_PREVIEWS = YES;
				FRAMEWORK_SEARCH_PATHS = (
					"$(inherited)",
					"$(PROJECT_DIR)",
				);
				INFOPLIST_FILE = Instagraph/Info.plist;
				IPHONEOS_DEPLOYMENT_TARGET = 13.0;
				LD_RUNPATH_SEARCH_PATHS = (
					"$(inherited)",
					"@executable_path/Frameworks",
				);
				PRODUCT_BUNDLE_IDENTIFIER = LH.Instagraph;
				PRODUCT_NAME = "$(TARGET_NAME)";
				SWIFT_OBJC_BRIDGING_HEADER = "Instagraph/OCR/Instagraph-Bridging-Header.h";
				SWIFT_VERSION = 5.0;
				TARGETED_DEVICE_FAMILY = "1,2";
			};
			name = Release;
		};
		3CCAB522247C0C4B00E89AE8 /* Debug */ = {
			isa = XCBuildConfiguration;
			buildSettings = {
				ALWAYS_EMBED_SWIFT_STANDARD_LIBRARIES = YES;
				BUNDLE_LOADER = "$(TEST_HOST)";
				CODE_SIGN_STYLE = Automatic;
				DEVELOPMENT_TEAM = UVSFW3HDBB;
				INFOPLIST_FILE = InstagraphTests/Info.plist;
				IPHONEOS_DEPLOYMENT_TARGET = 13.4;
				LD_RUNPATH_SEARCH_PATHS = (
					"$(inherited)",
					"@executable_path/Frameworks",
					"@loader_path/Frameworks",
				);
				PRODUCT_BUNDLE_IDENTIFIER = MG.InstagraphTests;
				PRODUCT_NAME = "$(TARGET_NAME)";
				SWIFT_VERSION = 5.0;
				TARGETED_DEVICE_FAMILY = "1,2";
				TEST_HOST = "$(BUILT_PRODUCTS_DIR)/Instagraph.app/Instagraph";
			};
			name = Debug;
		};
		3CCAB523247C0C4B00E89AE8 /* Release */ = {
			isa = XCBuildConfiguration;
			buildSettings = {
				ALWAYS_EMBED_SWIFT_STANDARD_LIBRARIES = YES;
				BUNDLE_LOADER = "$(TEST_HOST)";
				CODE_SIGN_STYLE = Automatic;
				DEVELOPMENT_TEAM = UVSFW3HDBB;
				INFOPLIST_FILE = InstagraphTests/Info.plist;
				IPHONEOS_DEPLOYMENT_TARGET = 13.4;
				LD_RUNPATH_SEARCH_PATHS = (
					"$(inherited)",
					"@executable_path/Frameworks",
					"@loader_path/Frameworks",
				);
				PRODUCT_BUNDLE_IDENTIFIER = MG.InstagraphTests;
				PRODUCT_NAME = "$(TARGET_NAME)";
				SWIFT_VERSION = 5.0;
				TARGETED_DEVICE_FAMILY = "1,2";
				TEST_HOST = "$(BUILT_PRODUCTS_DIR)/Instagraph.app/Instagraph";
			};
			name = Release;
		};
		3CCAB525247C0C4B00E89AE8 /* Debug */ = {
			isa = XCBuildConfiguration;
			buildSettings = {
				ALWAYS_EMBED_SWIFT_STANDARD_LIBRARIES = YES;
				CODE_SIGN_STYLE = Automatic;
				DEVELOPMENT_TEAM = UVSFW3HDBB;
				INFOPLIST_FILE = InstagraphUITests/Info.plist;
				LD_RUNPATH_SEARCH_PATHS = (
					"$(inherited)",
					"@executable_path/Frameworks",
					"@loader_path/Frameworks",
				);
				PRODUCT_BUNDLE_IDENTIFIER = MG.InstagraphUITests;
				PRODUCT_NAME = "$(TARGET_NAME)";
				SWIFT_VERSION = 5.0;
				TARGETED_DEVICE_FAMILY = "1,2";
				TEST_TARGET_NAME = Instagraph;
			};
			name = Debug;
		};
		3CCAB526247C0C4B00E89AE8 /* Release */ = {
			isa = XCBuildConfiguration;
			buildSettings = {
				ALWAYS_EMBED_SWIFT_STANDARD_LIBRARIES = YES;
				CODE_SIGN_STYLE = Automatic;
				DEVELOPMENT_TEAM = UVSFW3HDBB;
				INFOPLIST_FILE = InstagraphUITests/Info.plist;
				LD_RUNPATH_SEARCH_PATHS = (
					"$(inherited)",
					"@executable_path/Frameworks",
					"@loader_path/Frameworks",
				);
				PRODUCT_BUNDLE_IDENTIFIER = MG.InstagraphUITests;
				PRODUCT_NAME = "$(TARGET_NAME)";
				SWIFT_VERSION = 5.0;
				TARGETED_DEVICE_FAMILY = "1,2";
				TEST_TARGET_NAME = Instagraph;
			};
			name = Release;
		};
/* End XCBuildConfiguration section */

/* Begin XCConfigurationList section */
		3CCAB4EF247C0C4900E89AE8 /* Build configuration list for PBXProject "Instagraph" */ = {
			isa = XCConfigurationList;
			buildConfigurations = (
				3CCAB51C247C0C4B00E89AE8 /* Debug */,
				3CCAB51D247C0C4B00E89AE8 /* Release */,
			);
			defaultConfigurationIsVisible = 0;
			defaultConfigurationName = Release;
		};
		3CCAB51E247C0C4B00E89AE8 /* Build configuration list for PBXNativeTarget "Instagraph" */ = {
			isa = XCConfigurationList;
			buildConfigurations = (
				3CCAB51F247C0C4B00E89AE8 /* Debug */,
				3CCAB520247C0C4B00E89AE8 /* Release */,
			);
			defaultConfigurationIsVisible = 0;
			defaultConfigurationName = Release;
		};
		3CCAB521247C0C4B00E89AE8 /* Build configuration list for PBXNativeTarget "InstagraphTests" */ = {
			isa = XCConfigurationList;
			buildConfigurations = (
				3CCAB522247C0C4B00E89AE8 /* Debug */,
				3CCAB523247C0C4B00E89AE8 /* Release */,
			);
			defaultConfigurationIsVisible = 0;
			defaultConfigurationName = Release;
		};
		3CCAB524247C0C4B00E89AE8 /* Build configuration list for PBXNativeTarget "InstagraphUITests" */ = {
			isa = XCConfigurationList;
			buildConfigurations = (
				3CCAB525247C0C4B00E89AE8 /* Debug */,
				3CCAB526247C0C4B00E89AE8 /* Release */,
			);
			defaultConfigurationIsVisible = 0;
			defaultConfigurationName = Release;
		};
/* End XCConfigurationList section */
	};
	rootObject = 3CCAB4EC247C0C4900E89AE8 /* Project object */;
}
