PODS:
  - ARCL (1.3.0)
  - GPUImage (0.1.7)
  - TesseractOCRiOS (5.0.1)

DEPENDENCIES:
  - ARCL
  - GPUImage
  - TesseractOCRiOS

SPEC REPOS:
  trunk:
    - ARCL
    - GPUImage
    - TesseractOCRiOS

SPEC CHECKSUMS:
  ARCL: db48b6927d6f3f49f29568295ed91c94ab8d4aab
  GPUImage: 733a5f0fab92df9de1c37ba9df520a833ccb406d
  TesseractOCRiOS: 2c189465f86abb030d0c5141c90da9705b647854

PODFILE CHECKSUM: 4334c2bba1f778ff1248d8b5244dfd4fc532b547

COCOAPODS: 1.9.1
